
Microsoft Visual Studio Solution File, Format Version 12.00
# Visual Studio 15
VisualStudioVersion = 15.0.27703.2035
MinimumVisualStudioVersion = 10.0.40219.1
Project("{FAE04EC0-301F-11D3-BF4B-00C04F79EFBC}") = "MVCCalc", "MVCCalc\MVCCalc.csproj", "{EE92C235-EED3-4398-A5A7-5C3C458774AF}"
EndProject
Global
	GlobalSection(SolutionConfigurationPlatforms) = preSolution
		Debug|Any CPU = Debug|Any CPU
		Release|Any CPU = Release|Any CPU
	EndGlobalSection
	GlobalSection(ProjectConfigurationPlatforms) = postSolution
		{EE92C235-EED3-4398-A5A7-5C3C458774AF}.Debug|Any CPU.ActiveCfg = Debug|Any CPU
		{EE92C235-EED3-4398-A5A7-5C3C458774AF}.Debug|Any CPU.Build.0 = Debug|Any CPU
		{EE92C235-EED3-4398-A5A7-5C3C458774AF}.Release|Any CPU.ActiveCfg = Release|Any CPU
		{EE92C235-EED3-4398-A5A7-5C3C458774AF}.Release|Any CPU.Build.0 = Release|Any CPU
	EndGlobalSection
	GlobalSection(SolutionProperties) = preSolution
		HideSolutionNode = FALSE
	EndGlobalSection
	GlobalSection(ExtensibilityGlobals) = postSolution
		SolutionGuid = {4538991B-080B-41E2-8E0E-CE6762BF2F74}
	EndGlobalSection
EndGlobal
